// !$*UTF8*$!
{
	archiveVersion = 1;
	classes = {
	};
	objectVersion = 56;
	objects = {

/* Begin PBXBuildFile section */
		5DE0322229BB189D00C6C49E /* AppDelegate.swift in Sources */ = {isa = PBXBuildFile; fileRef = 5DE0322129BB189D00C6C49E /* AppDelegate.swift */; };
		5DE0322429BB189D00C6C49E /* SceneDelegate.swift in Sources */ = {isa = PBXBuildFile; fileRef = 5DE0322329BB189D00C6C49E /* SceneDelegate.swift */; };
		5DE0322629BB189D00C6C49E /* ViewController.swift in Sources */ = {isa = PBXBuildFile; fileRef = 5DE0322529BB189D00C6C49E /* ViewController.swift */; };
		5DE0322929BB189D00C6C49E /* Main.storyboard in Resources */ = {isa = PBXBuildFile; fileRef = 5DE0322729BB189D00C6C49E /* Main.storyboard */; };
		5DE0322B29BB18A300C6C49E /* Assets.xcassets in Resources */ = {isa = PBXBuildFile; fileRef = 5DE0322A29BB18A300C6C49E /* Assets.xcassets */; };
		5DE0322E29BB18A300C6C49E /* LaunchScreen.storyboard in Resources */ = {isa = PBXBuildFile; fileRef = 5DE0322C29BB18A300C6C49E /* LaunchScreen.storyboard */; };
		5DE0323629BB1DC200C6C49E /* myCollectionViewCell.swift in Sources */ = {isa = PBXBuildFile; fileRef = 5DE0323529BB1DC200C6C49E /* myCollectionViewCell.swift */; };
		5DE0323829BB1DE400C6C49E /* HeaderReusableView.swift in Sources */ = {isa = PBXBuildFile; fileRef = 5DE0323729BB1DE400C6C49E /* HeaderReusableView.swift */; };
		5DE0323A29BB1DFE00C6C49E /* FooterReusableView.swift in Sources */ = {isa = PBXBuildFile; fileRef = 5DE0323929BB1DFE00C6C49E /* FooterReusableView.swift */; };
/* End PBXBuildFile section */

/* Begin PBXFileReference section */
		5DE0321E29BB189D00C6C49E /* HeaderFooterInCollectioview.app */ = {isa = PBXFileReference; explicitFileType = wrapper.application; includeInIndex = 0; path = HeaderFooterInCollectioview.app; sourceTree = BUILT_PRODUCTS_DIR; };
		5DE0322129BB189D00C6C49E /* AppDelegate.swift */ = {isa = PBXFileReference; lastKnownFileType = sourcecode.swift; path = AppDelegate.swift; sourceTree = "<group>"; };
		5DE0322329BB189D00C6C49E /* SceneDelegate.swift */ = {isa = PBXFileReference; lastKnownFileType = sourcecode.swift; path = SceneDelegate.swift; sourceTree = "<group>"; };
		5DE0322529BB189D00C6C49E /* ViewController.swift */ = {isa = PBXFileReference; lastKnownFileType = sourcecode.swift; path = ViewController.swift; sourceTree = "<group>"; };
		5DE0322829BB189D00C6C49E /* Base */ = {isa = PBXFileReference; lastKnownFileType = file.storyboard; name = Base; path = Base.lproj/Main.storyboard; sourceTree = "<group>"; };
		5DE0322A29BB18A300C6C49E /* Assets.xcassets */ = {isa = PBXFileReference; lastKnownFileType = folder.assetcatalog; path = Assets.xcassets; sourceTree = "<group>"; };
		5DE0322D29BB18A300C6C49E /* Base */ = {isa = PBXFileReference; lastKnownFileType = file.storyboard; name = Base; path = Base.lproj/LaunchScreen.storyboard; sourceTree = "<group>"; };
		5DE0322F29BB18A300C6C49E /* Info.plist */ = {isa = PBXFileReference; lastKnownFileType = text.plist.xml; path = Info.plist; sourceTree = "<group>"; };
		5DE0323529BB1DC200C6C49E /* myCollectionViewCell.swift */ = {isa = PBXFileReference; lastKnownFileType = sourcecode.swift; path = myCollectionViewCell.swift; sourceTree = "<group>"; };
		5DE0323729BB1DE400C6C49E /* HeaderReusableView.swift */ = {isa = PBXFileReference; lastKnownFileType = sourcecode.swift; path = HeaderReusableView.swift; sourceTree = "<group>"; };
		5DE0323929BB1DFE00C6C49E /* FooterReusableView.swift */ = {isa = PBXFileReference; lastKnownFileType = sourcecode.swift; path = FooterReusableView.swift; sourceTree = "<group>"; };
/* End PBXFileReference section */

/* Begin PBXFrameworksBuildPhase section */
		5DE0321B29BB189D00C6C49E /* Frameworks */ = {
			isa = PBXFrameworksBuildPhase;
			buildActionMask = 2147483647;
			files = (
			);
			runOnlyForDeploymentPostprocessing = 0;
		};
/* End PBXFrameworksBuildPhase section */

/* Begin PBXGroup section */
		5DE0321529BB189D00C6C49E = {
			isa = PBXGroup;
			children = (
				5DE0322029BB189D00C6C49E /* HeaderFooterInCollectioview */,
				5DE0321F29BB189D00C6C49E /* Products */,
			);
			sourceTree = "<group>";
		};
		5DE0321F29BB189D00C6C49E /* Products */ = {
			isa = PBXGroup;
			children = (
				5DE0321E29BB189D00C6C49E /* HeaderFooterInCollectioview.app */,
			);
			name = Products;
			sourceTree = "<group>";
		};
		5DE0322029BB189D00C6C49E /* HeaderFooterInCollectioview */ = {
			isa = PBXGroup;
			children = (
				5DE0322129BB189D00C6C49E /* AppDelegate.swift */,
				5DE0322329BB189D00C6C49E /* SceneDelegate.swift */,
				5DE0322529BB189D00C6C49E /* ViewController.swift */,
				5DE0322729BB189D00C6C49E /* Main.storyboard */,
				5DE0323529BB1DC200C6C49E /* myCollectionViewCell.swift */,
				5DE0323729BB1DE400C6C49E /* HeaderReusableView.swift */,
				5DE0323929BB1DFE00C6C49E /* FooterReusableView.swift */,
				5DE0322A29BB18A300C6C49E /* Assets.xcassets */,
				5DE0322C29BB18A300C6C49E /* LaunchScreen.storyboard */,
				5DE0322F29BB18A300C6C49E /* Info.plist */,
			);
			path = HeaderFooterInCollectioview;
			sourceTree = "<group>";
		};
/* End PBXGroup section */

/* Begin PBXNativeTarget section */
		5DE0321D29BB189D00C6C49E /* HeaderFooterInCollectioview */ = {
			isa = PBXNativeTarget;
			buildConfigurationList = 5DE0323229BB18A300C6C49E /* Build configuration list for PBXNativeTarget "HeaderFooterInCollectioview" */;
			buildPhases = (
				5DE0321A29BB189D00C6C49E /* Sources */,
				5DE0321B29BB189D00C6C49E /* Frameworks */,
				5DE0321C29BB189D00C6C49E /* Resources */,
			);
			buildRules = (
			);
			dependencies = (
			);
			name = HeaderFooterInCollectioview;
			productName = HeaderFooterInCollectioview;
			productReference = 5DE0321E29BB189D00C6C49E /* HeaderFooterInCollectioview.app */;
			productType = "com.apple.product-type.application";
		};
/* End PBXNativeTarget section */

/* Begin PBXProject section */
		5DE0321629BB189D00C6C49E /* Project object */ = {
			isa = PBXProject;
			attributes = {
				BuildIndependentTargetsInParallel = 1;
				LastSwiftUpdateCheck = 1420;
				LastUpgradeCheck = 1420;
				TargetAttributes = {
					5DE0321D29BB189D00C6C49E = {
						CreatedOnToolsVersion = 14.2;
					};
				};
			};
			buildConfigurationList = 5DE0321929BB189D00C6C49E /* Build configuration list for PBXProject "HeaderFooterInCollectioview" */;
			compatibilityVersion = "Xcode 14.0";
			developmentRegion = en;
			hasScannedForEncodings = 0;
			knownRegions = (
				en,
				Base,
			);
			mainGroup = 5DE0321529BB189D00C6C49E;
			productRefGroup = 5DE0321F29BB189D00C6C49E /* Products */;
			projectDirPath = "";
			projectRoot = "";
			targets = (
				5DE0321D29BB189D00C6C49E /* HeaderFooterInCollectioview */,
			);
		};
/* End PBXProject section */

/* Begin PBXResourcesBuildPhase section */
		5DE0321C29BB189D00C6C49E /* Resources */ = {
			isa = PBXResourcesBuildPhase;
			buildActionMask = 2147483647;
			files = (
				5DE0322E29BB18A300C6C49E /* LaunchScreen.storyboard in Resources */,
				5DE0322B29BB18A300C6C49E /* Assets.xcassets in Resources */,
				5DE0322929BB189D00C6C49E /* Main.storyboard in Resources */,
			);
			runOnlyForDeploymentPostprocessing = 0;
		};
/* End PBXResourcesBuildPhase section */

/* Begin PBXSourcesBuildPhase section */
		5DE0321A29BB189D00C6C49E /* Sources */ = {
			isa = PBXSourcesBuildPhase;
			buildActionMask = 2147483647;
			files = (
				5DE0322629BB189D00C6C49E /* ViewController.swift in Sources */,
				5DE0322229BB189D00C6C49E /* AppDelegate.swift in Sources */,
				5DE0323A29BB1DFE00C6C49E /* FooterReusableView.swift in Sources */,
				5DE0323829BB1DE400C6C49E /* HeaderReusableView.swift in Sources */,
				5DE0323629BB1DC200C6C49E /* myCollectionViewCell.swift in Sources */,
				5DE0322429BB189D00C6C49E /* SceneDelegate.swift in Sources */,
			);
			runOnlyForDeploymentPostprocessing = 0;
		};
/* End PBXSourcesBuildPhase section */

/* Begin PBXVariantGroup section */
		5DE0322729BB189D00C6C49E /* Main.storyboard */ = {
			isa = PBXVariantGroup;
			children = (
				5DE0322829BB189D00C6C49E /* Base */,
			);
			name = Main.storyboard;
			sourceTree = "<group>";
		};
		5DE0322C29BB18A300C6C49E /* LaunchScreen.storyboard */ = {
			isa = PBXVariantGroup;
			children = (
				5DE0322D29BB18A300C6C49E /* Base */,
			);
			name = LaunchScreen.storyboard;
			sourceTree = "<group>";
		};
/* End PBXVariantGroup section */

/* Begin XCBuildConfiguration section */
		5DE0323029BB18A300C6C49E /* Debug */ = {
			isa = XCBuildConfiguration;
			buildSettings = {
				ALWAYS_SEARCH_USER_PATHS = NO;
				CLANG_ANALYZER_NONNULL = YES;
				CLANG_ANALYZER_NUMBER_OBJECT_CONVERSION = YES_AGGRESSIVE;
				CLANG_CXX_LANGUAGE_STANDARD = "gnu++20";
				CLANG_ENABLE_MODULES = YES;
				CLANG_ENABLE_OBJC_ARC = YES;
				CLANG_ENABLE_OBJC_WEAK = YES;
				CLANG_WARN_BLOCK_CAPTURE_AUTORELEASING = YES;
				CLANG_WARN_BOOL_CONVERSION = YES;
				CLANG_WARN_COMMA = YES;
				CLANG_WARN_CONSTANT_CONVERSION = YES;
				CLANG_WARN_DEPRECATED_OBJC_IMPLEMENTATIONS = YES;
				CLANG_WARN_DIRECT_OBJC_ISA_USAGE = YES_ERROR;
				CLANG_WARN_DOCUMENTATION_COMMENTS = YES;
				CLANG_WARN_EMPTY_BODY = YES;
				CLANG_WARN_ENUM_CONVERSION = YES;
				CLANG_WARN_INFINITE_RECURSION = YES;
				CLANG_WARN_INT_CONVERSION = YES;
				CLANG_WARN_NON_LITERAL_NULL_CONVERSION = YES;
				CLANG_WARN_OBJC_IMPLICIT_RETAIN_SELF = YES;
				CLANG_WARN_OBJC_LITERAL_CONVERSION = YES;
				CLANG_WARN_OBJC_ROOT_CLASS = YES_ERROR;
				CLANG_WARN_QUOTED_INCLUDE_IN_FRAMEWORK_HEADER = YES;
				CLANG_WARN_RANGE_LOOP_ANALYSIS = YES;
				CLANG_WARN_STRICT_PROTOTYPES = YES;
				CLANG_WARN_SUSPICIOUS_MOVE = YES;
				CLANG_WARN_UNGUARDED_AVAILABILITY = YES_AGGRESSIVE;
				CLANG_WARN_UNREACHABLE_CODE = YES;
				CLANG_WARN__DUPLICATE_METHOD_MATCH = YES;
				COPY_PHASE_STRIP = NO;
				DEBUG_INFORMATION_FORMAT = dwarf;
				ENABLE_STRICT_OBJC_MSGSEND = YES;
				ENABLE_TESTABILITY = YES;
				GCC_C_LANGUAGE_STANDARD = gnu11;
				GCC_DYNAMIC_NO_PIC = NO;
				GCC_NO_COMMON_BLOCKS = YES;
				GCC_OPTIMIZATION_LEVEL = 0;
				GCC_PREPROCESSOR_DEFINITIONS = (
					"DEBUG=1",
					"$(inherited)",
				);
				GCC_WARN_64_TO_32_BIT_CONVERSION = YES;
				GCC_WARN_ABOUT_RETURN_TYPE = YES_ERROR;
				GCC_WARN_UNDECLARED_SELECTOR = YES;
				GCC_WARN_UNINITIALIZED_AUTOS = YES_AGGRESSIVE;
				GCC_WARN_UNUSED_FUNCTION = YES;
				GCC_WARN_UNUSED_VARIABLE = YES;
				IPHONEOS_DEPLOYMENT_TARGET = 16.2;
				MTL_ENABLE_DEBUG_INFO = INCLUDE_SOURCE;
				MTL_FAST_MATH = YES;
				ONLY_ACTIVE_ARCH = YES;
				SDKROOT = iphoneos;
				SWIFT_ACTIVE_COMPILATION_CONDITIONS = DEBUG;
				SWIFT_OPTIMIZATION_LEVEL = "-Onone";
			};
			name = Debug;
		};
		5DE0323129BB18A300C6C49E /* Release */ = {
			isa = XCBuildConfiguration;
			buildSettings = {
				ALWAYS_SEARCH_USER_PATHS = NO;
				CLANG_ANALYZER_NONNULL = YES;
				CLANG_ANALYZER_NUMBER_OBJECT_CONVERSION = YES_AGGRESSIVE;
				CLANG_CXX_LANGUAGE_STANDARD = "gnu++20";
				CLANG_ENABLE_MODULES = YES;
				CLANG_ENABLE_OBJC_ARC = YES;
				CLANG_ENABLE_OBJC_WEAK = YES;
				CLANG_WARN_BLOCK_CAPTURE_AUTORELEASING = YES;
				CLANG_WARN_BOOL_CONVERSION = YES;
				CLANG_WARN_COMMA = YES;
				CLANG_WARN_CONSTANT_CONVERSION = YES;
				CLANG_WARN_DEPRECATED_OBJC_IMPLEMENTATIONS = YES;
				CLANG_WARN_DIRECT_OBJC_ISA_USAGE = YES_ERROR;
				CLANG_WARN_DOCUMENTATION_COMMENTS = YES;
				CLANG_WARN_EMPTY_BODY = YES;
				CLANG_WARN_ENUM_CONVERSION = YES;
				CLANG_WARN_INFINITE_RECURSION = YES;
				CLANG_WARN_INT_CONVERSION = YES;
				CLANG_WARN_NON_LITERAL_NULL_CONVERSION = YES;
				CLANG_WARN_OBJC_IMPLICIT_RETAIN_SELF = YES;
				CLANG_WARN_OBJC_LITERAL_CONVERSION = YES;
				CLANG_WARN_OBJC_ROOT_CLASS = YES_ERROR;
				CLANG_WARN_QUOTED_INCLUDE_IN_FRAMEWORK_HEADER = YES;
				CLANG_WARN_RANGE_LOOP_ANALYSIS = YES;
				CLANG_WARN_STRICT_PROTOTYPES = YES;
				CLANG_WARN_SUSPICIOUS_MOVE = YES;
				CLANG_WARN_UNGUARDED_AVAILABILITY = YES_AGGRESSIVE;
				CLANG_WARN_UNREACHABLE_CODE = YES;
				CLANG_WARN__DUPLICATE_METHOD_MATCH = YES;
				COPY_PHASE_STRIP = NO;
				DEBUG_INFORMATION_FORMAT = "dwarf-with-dsym";
				ENABLE_NS_ASSERTIONS = NO;
				ENABLE_STRICT_OBJC_MSGSEND = YES;
				GCC_C_LANGUAGE_STANDARD = gnu11;
				GCC_NO_COMMON_BLOCKS = YES;
				GCC_WARN_64_TO_32_BIT_CONVERSION = YES;
				GCC_WARN_ABOUT_RETURN_TYPE = YES_ERROR;
				GCC_WARN_UNDECLARED_SELECTOR = YES;
				GCC_WARN_UNINITIALIZED_AUTOS = YES_AGGRESSIVE;
				GCC_WARN_UNUSED_FUNCTION = YES;
				GCC_WARN_UNUSED_VARIABLE = YES;
				IPHONEOS_DEPLOYMENT_TARGET = 16.2;
				MTL_ENABLE_DEBUG_INFO = NO;
				MTL_FAST_MATH = YES;
				SDKROOT = iphoneos;
				SWIFT_COMPILATION_MODE = wholemodule;
				SWIFT_OPTIMIZATION_LEVEL = "-O";
				VALIDATE_PRODUCT = YES;
			};
			name = Release;
		};
		5DE0323329BB18A300C6C49E /* Debug */ = {
			isa = XCBuildConfiguration;
			buildSettings = {
				ASSETCATALOG_COMPILER_APPICON_NAME = AppIcon;
				ASSETCATALOG_COMPILER_GLOBAL_ACCENT_COLOR_NAME = AccentColor;
				CODE_SIGN_STYLE = Automatic;
				CURRENT_PROJECT_VERSION = 1;
				GENERATE_INFOPLIST_FILE = YES;
				INFOPLIST_FILE = HeaderFooterInCollectioview/Info.plist;
				INFOPLIST_KEY_UIApplicationSupportsIndirectInputEvents = YES;
				INFOPLIST_KEY_UILaunchStoryboardName = LaunchScreen;
				INFOPLIST_KEY_UIMainStoryboardFile = Main;
				INFOPLIST_KEY_UISupportedInterfaceOrientations_iPad = "UIInterfaceOrientationPortrait UIInterfaceOrientationPortraitUpsideDown UIInterfaceOrientationLandscapeLeft UIInterfaceOrientationLandscapeRight";
				INFOPLIST_KEY_UISupportedInterfaceOrientations_iPhone = "UIInterfaceOrientationPortrait UIInterfaceOrientationLandscapeLeft UIInterfaceOrientationLandscapeRight";
				LD_RUNPATH_SEARCH_PATHS = (
					"$(inherited)",
					"@executable_path/Frameworks",
				);
				MARKETING_VERSION = 1.0;
				PRODUCT_BUNDLE_IDENTIFIER = dev.in.HeaderFooterInCollectioview;
				PRODUCT_NAME = "$(TARGET_NAME)";
				SWIFT_EMIT_LOC_STRINGS = YES;
				SWIFT_VERSION = 5.0;
				TARGETED_DEVICE_FAMILY = "1,2";
			};
			name = Debug;
		};
		5DE0323429BB18A300C6C49E /* Release */ = {
			isa = XCBuildConfiguration;
			buildSettings = {
				ASSETCATALOG_COMPILER_APPICON_NAME = AppIcon;
				ASSETCATALOG_COMPILER_GLOBAL_ACCENT_COLOR_NAME = AccentColor;
				CODE_SIGN_STYLE = Automatic;
				CURRENT_PROJECT_VERSION = 1;
				GENERATE_INFOPLIST_FILE = YES;
				INFOPLIST_FILE = HeaderFooterInCollectioview/Info.plist;
				INFOPLIST_KEY_UIApplicationSupportsIndirectInputEvents = YES;
				INFOPLIST_KEY_UILaunchStoryboardName = LaunchScreen;
				INFOPLIST_KEY_UIMainStoryboardFile = Main;
				INFOPLIST_KEY_UISupportedInterfaceOrientations_iPad = "UIInterfaceOrientationPortrait UIInterfaceOrientationPortraitUpsideDown UIInterfaceOrientationLandscapeLeft UIInterfaceOrientationLandscapeRight";
				INFOPLIST_KEY_UISupportedInterfaceOrientations_iPhone = "UIInterfaceOrientationPortrait UIInterfaceOrientationLandscapeLeft UIInterfaceOrientationLandscapeRight";
				LD_RUNPATH_SEARCH_PATHS = (
					"$(inherited)",
					"@executable_path/Frameworks",
				);
				MARKETING_VERSION = 1.0;
				PRODUCT_BUNDLE_IDENTIFIER = dev.in.HeaderFooterInCollectioview;
				PRODUCT_NAME = "$(TARGET_NAME)";
				SWIFT_EMIT_LOC_STRINGS = YES;
				SWIFT_VERSION = 5.0;
				TARGETED_DEVICE_FAMILY = "1,2";
			};
			name = Release;
		};
/* End XCBuildConfiguration section */

/* Begin XCConfigurationList section */
		5DE0321929BB189D00C6C49E /* Build configuration list for PBXProject "HeaderFooterInCollectioview" */ = {
			isa = XCConfigurationList;
			buildConfigurations = (
				5DE0323029BB18A300C6C49E /* Debug */,
				5DE0323129BB18A300C6C49E /* Release */,
			);
			defaultConfigurationIsVisible = 0;
			defaultConfigurationName = Release;
		};
		5DE0323229BB18A300C6C49E /* Build configuration list for PBXNativeTarget "HeaderFooterInCollectioview" */ = {
			isa = XCConfigurationList;
			buildConfigurations = (
				5DE0323329BB18A300C6C49E /* Debug */,
				5DE0323429BB18A300C6C49E /* Release */,
			);
			defaultConfigurationIsVisible = 0;
			defaultConfigurationName = Release;
		};
/* End XCConfigurationList section */
	};
	rootObject = 5DE0321629BB189D00C6C49E /* Project object */;
}
